
Microsoft Visual Studio Solution File, Format Version 12.00
# Visual Studio Version 16
VisualStudioVersion = 16.0.29728.190
MinimumVisualStudioVersion = 10.0.40219.1
Project("{9A19103F-16F7-4668-BE54-9A1E7A4F7556}") = "LotteryLib", "LotteryLib\LotteryLib.csproj", "{C043FA3E-967B-4A64-8E80-C0298FB829B5}"
EndProject
Project("{9A19103F-16F7-4668-BE54-9A1E7A4F7556}") = "LotteryLibTests", "LotteryLibTests\LotteryLibTests.csproj", "{ED8B70C3-3848-4F15-85F2-4EDAB67D346E}"
EndProject
Project("{FAE04EC0-301F-11D3-BF4B-00C04F79EFBC}") = "LotteryDesktopApp", "LotteryDesktopApp\LotteryDesktopApp.csproj", "{7DEE69DE-ACAC-4BC1-A66B-1B777BD4DC99}"
EndProject
Global
	GlobalSection(SolutionConfigurationPlatforms) = preSolution
		Debug|Any CPU = Debug|Any CPU
		Release|Any CPU = Release|Any CPU
	EndGlobalSection
	GlobalSection(ProjectConfigurationPlatforms) = postSolution
		{C043FA3E-967B-4A64-8E80-C0298FB829B5}.Debug|Any CPU.ActiveCfg = Debug|Any CPU
		{C043FA3E-967B-4A64-8E80-C0298FB829B5}.Debug|Any CPU.Build.0 = Debug|Any CPU
		{C043FA3E-967B-4A64-8E80-C0298FB829B5}.Release|Any CPU.ActiveCfg = Release|Any CPU
		{C043FA3E-967B-4A64-8E80-C0298FB829B5}.Release|Any CPU.Build.0 = Release|Any CPU
		{ED8B70C3-3848-4F15-85F2-4EDAB67D346E}.Debug|Any CPU.ActiveCfg = Debug|Any CPU
		{ED8B70C3-3848-4F15-85F2-4EDAB67D346E}.Debug|Any CPU.Build.0 = Debug|Any CPU
		{ED8B70C3-3848-4F15-85F2-4EDAB67D346E}.Release|Any CPU.ActiveCfg = Release|Any CPU
		{ED8B70C3-3848-4F15-85F2-4EDAB67D346E}.Release|Any CPU.Build.0 = Release|Any CPU
		{7DEE69DE-ACAC-4BC1-A66B-1B777BD4DC99}.Debug|Any CPU.ActiveCfg = Debug|Any CPU
		{7DEE69DE-ACAC-4BC1-A66B-1B777BD4DC99}.Debug|Any CPU.Build.0 = Debug|Any CPU
		{7DEE69DE-ACAC-4BC1-A66B-1B777BD4DC99}.Release|Any CPU.ActiveCfg = Release|Any CPU
		{7DEE69DE-ACAC-4BC1-A66B-1B777BD4DC99}.Release|Any CPU.Build.0 = Release|Any CPU
	EndGlobalSection
	GlobalSection(SolutionProperties) = preSolution
		HideSolutionNode = FALSE
	EndGlobalSection
	GlobalSection(ExtensibilityGlobals) = postSolution
		SolutionGuid = {D79AA224-13C3-442A-86A1-0B84948103BA}
	EndGlobalSection
EndGlobal
