
Microsoft Visual Studio Solution File, Format Version 12.00
# Visual Studio Version 16
VisualStudioVersion = 16.0.29728.190
MinimumVisualStudioVersion = 10.0.40219.1
Project("{9A19103F-16F7-4668-BE54-9A1E7A4F7556}") = "LotteryCore", "LotteryCore\LotteryCore.csproj", "{388EC07B-B4D0-4A4C-988E-39E9F407B0A6}"
EndProject
Project("{FAE04EC0-301F-11D3-BF4B-00C04F79EFBC}") = "LotteryCoreTests", "LotteryCoreTests\LotteryCoreTests.csproj", "{2750779A-C9D2-4C5C-8A02-4D79043A63E2}"
EndProject
Global
	GlobalSection(SolutionConfigurationPlatforms) = preSolution
		Debug|Any CPU = Debug|Any CPU
		Release|Any CPU = Release|Any CPU
	EndGlobalSection
	GlobalSection(ProjectConfigurationPlatforms) = postSolution
		{388EC07B-B4D0-4A4C-988E-39E9F407B0A6}.Debug|Any CPU.ActiveCfg = Debug|Any CPU
		{388EC07B-B4D0-4A4C-988E-39E9F407B0A6}.Debug|Any CPU.Build.0 = Debug|Any CPU
		{388EC07B-B4D0-4A4C-988E-39E9F407B0A6}.Release|Any CPU.ActiveCfg = Release|Any CPU
		{388EC07B-B4D0-4A4C-988E-39E9F407B0A6}.Release|Any CPU.Build.0 = Release|Any CPU
		{2750779A-C9D2-4C5C-8A02-4D79043A63E2}.Debug|Any CPU.ActiveCfg = Debug|Any CPU
		{2750779A-C9D2-4C5C-8A02-4D79043A63E2}.Debug|Any CPU.Build.0 = Debug|Any CPU
		{2750779A-C9D2-4C5C-8A02-4D79043A63E2}.Release|Any CPU.ActiveCfg = Release|Any CPU
		{2750779A-C9D2-4C5C-8A02-4D79043A63E2}.Release|Any CPU.Build.0 = Release|Any CPU
	EndGlobalSection
	GlobalSection(SolutionProperties) = preSolution
		HideSolutionNode = FALSE
	EndGlobalSection
	GlobalSection(ExtensibilityGlobals) = postSolution
		SolutionGuid = {D79AA224-13C3-442A-86A1-0B84948103BA}
	EndGlobalSection
EndGlobal
