
Microsoft Visual Studio Solution File, Format Version 12.00
# Visual Studio Version 16
VisualStudioVersion = 16.0.30717.126
MinimumVisualStudioVersion = 10.0.40219.1
Project("{FAE04EC0-301F-11D3-BF4B-00C04F79EFBC}") = "LotteryGuesserXamarin.UWP", "LotteryGuesserXamarin\LotteryGuesserXamarin.UWP\LotteryGuesserXamarin.UWP.csproj", "{919FEA8E-CF82-4EE1-99B2-339350530FE3}"
EndProject
Project("{FAE04EC0-301F-11D3-BF4B-00C04F79EFBC}") = "LotteryGuesserXamarin.Android", "LotteryGuesserXamarin\LotteryGuesserXamarin.Android\LotteryGuesserXamarin.Android.csproj", "{87404748-842E-4B99-8792-3160BE956928}"
EndProject
Project("{FAE04EC0-301F-11D3-BF4B-00C04F79EFBC}") = "LotteryGuesserXamarin.iOS", "LotteryGuesserXamarin\LotteryGuesserXamarin.iOS\LotteryGuesserXamarin.iOS.csproj", "{58C3EC42-D3AC-4FB0-9F4F-73C3A9403402}"
EndProject
Project("{FAE04EC0-301F-11D3-BF4B-00C04F79EFBC}") = "LotteryGuesserXamarin", "LotteryGuesserXamarin\LotteryGuesserXamarin\LotteryGuesserXamarin.csproj", "{BD65367D-27F9-4C85-9B49-0119141A3C53}"
EndProject
Global
	GlobalSection(SolutionConfigurationPlatforms) = preSolution
		Debug|Any CPU = Debug|Any CPU
		Debug|ARM = Debug|ARM
		Debug|iPhone = Debug|iPhone
		Debug|iPhoneSimulator = Debug|iPhoneSimulator
		Debug|x64 = Debug|x64
		Debug|x86 = Debug|x86
		Release|Any CPU = Release|Any CPU
		Release|ARM = Release|ARM
		Release|iPhone = Release|iPhone
		Release|iPhoneSimulator = Release|iPhoneSimulator
		Release|x64 = Release|x64
		Release|x86 = Release|x86
	EndGlobalSection
	GlobalSection(ProjectConfigurationPlatforms) = postSolution
		{919FEA8E-CF82-4EE1-99B2-339350530FE3}.Debug|Any CPU.ActiveCfg = Debug|x86
		{919FEA8E-CF82-4EE1-99B2-339350530FE3}.Debug|Any CPU.Build.0 = Debug|x86
		{919FEA8E-CF82-4EE1-99B2-339350530FE3}.Debug|Any CPU.Deploy.0 = Debug|x86
		{919FEA8E-CF82-4EE1-99B2-339350530FE3}.Debug|ARM.ActiveCfg = Debug|ARM
		{919FEA8E-CF82-4EE1-99B2-339350530FE3}.Debug|ARM.Build.0 = Debug|ARM
		{919FEA8E-CF82-4EE1-99B2-339350530FE3}.Debug|ARM.Deploy.0 = Debug|ARM
		{919FEA8E-CF82-4EE1-99B2-339350530FE3}.Debug|iPhone.ActiveCfg = Debug|x86
		{919FEA8E-CF82-4EE1-99B2-339350530FE3}.Debug|iPhone.Build.0 = Debug|x86
		{919FEA8E-CF82-4EE1-99B2-339350530FE3}.Debug|iPhone.Deploy.0 = Debug|x86
		{919FEA8E-CF82-4EE1-99B2-339350530FE3}.Debug|iPhoneSimulator.ActiveCfg = Debug|x86
		{919FEA8E-CF82-4EE1-99B2-339350530FE3}.Debug|iPhoneSimulator.Build.0 = Debug|x86
		{919FEA8E-CF82-4EE1-99B2-339350530FE3}.Debug|iPhoneSimulator.Deploy.0 = Debug|x86
		{919FEA8E-CF82-4EE1-99B2-339350530FE3}.Debug|x64.ActiveCfg = Debug|x64
		{919FEA8E-CF82-4EE1-99B2-339350530FE3}.Debug|x64.Build.0 = Debug|x64
		{919FEA8E-CF82-4EE1-99B2-339350530FE3}.Debug|x64.Deploy.0 = Debug|x64
		{919FEA8E-CF82-4EE1-99B2-339350530FE3}.Debug|x86.ActiveCfg = Debug|x86
		{919FEA8E-CF82-4EE1-99B2-339350530FE3}.Debug|x86.Build.0 = Debug|x86
		{919FEA8E-CF82-4EE1-99B2-339350530FE3}.Debug|x86.Deploy.0 = Debug|x86
		{919FEA8E-CF82-4EE1-99B2-339350530FE3}.Release|Any CPU.ActiveCfg = Release|x86
		{919FEA8E-CF82-4EE1-99B2-339350530FE3}.Release|Any CPU.Build.0 = Release|x86
		{919FEA8E-CF82-4EE1-99B2-339350530FE3}.Release|Any CPU.Deploy.0 = Release|x86
		{919FEA8E-CF82-4EE1-99B2-339350530FE3}.Release|ARM.ActiveCfg = Release|ARM
		{919FEA8E-CF82-4EE1-99B2-339350530FE3}.Release|ARM.Build.0 = Release|ARM
		{919FEA8E-CF82-4EE1-99B2-339350530FE3}.Release|ARM.Deploy.0 = Release|ARM
		{919FEA8E-CF82-4EE1-99B2-339350530FE3}.Release|iPhone.ActiveCfg = Release|x86
		{919FEA8E-CF82-4EE1-99B2-339350530FE3}.Release|iPhone.Build.0 = Release|x86
		{919FEA8E-CF82-4EE1-99B2-339350530FE3}.Release|iPhone.Deploy.0 = Release|x86
		{919FEA8E-CF82-4EE1-99B2-339350530FE3}.Release|iPhoneSimulator.ActiveCfg = Release|x86
		{919FEA8E-CF82-4EE1-99B2-339350530FE3}.Release|iPhoneSimulator.Build.0 = Release|x86
		{919FEA8E-CF82-4EE1-99B2-339350530FE3}.Release|iPhoneSimulator.Deploy.0 = Release|x86
		{919FEA8E-CF82-4EE1-99B2-339350530FE3}.Release|x64.ActiveCfg = Release|x64
		{919FEA8E-CF82-4EE1-99B2-339350530FE3}.Release|x64.Build.0 = Release|x64
		{919FEA8E-CF82-4EE1-99B2-339350530FE3}.Release|x64.Deploy.0 = Release|x64
		{919FEA8E-CF82-4EE1-99B2-339350530FE3}.Release|x86.ActiveCfg = Release|x86
		{919FEA8E-CF82-4EE1-99B2-339350530FE3}.Release|x86.Build.0 = Release|x86
		{919FEA8E-CF82-4EE1-99B2-339350530FE3}.Release|x86.Deploy.0 = Release|x86
		{87404748-842E-4B99-8792-3160BE956928}.Debug|Any CPU.ActiveCfg = Debug|Any CPU
		{87404748-842E-4B99-8792-3160BE956928}.Debug|Any CPU.Build.0 = Debug|Any CPU
		{87404748-842E-4B99-8792-3160BE956928}.Debug|Any CPU.Deploy.0 = Debug|Any CPU
		{87404748-842E-4B99-8792-3160BE956928}.Debug|ARM.ActiveCfg = Debug|Any CPU
		{87404748-842E-4B99-8792-3160BE956928}.Debug|ARM.Build.0 = Debug|Any CPU
		{87404748-842E-4B99-8792-3160BE956928}.Debug|ARM.Deploy.0 = Debug|Any CPU
		{87404748-842E-4B99-8792-3160BE956928}.Debug|iPhone.ActiveCfg = Debug|Any CPU
		{87404748-842E-4B99-8792-3160BE956928}.Debug|iPhone.Build.0 = Debug|Any CPU
		{87404748-842E-4B99-8792-3160BE956928}.Debug|iPhone.Deploy.0 = Debug|Any CPU
		{87404748-842E-4B99-8792-3160BE956928}.Debug|iPhoneSimulator.ActiveCfg = Debug|Any CPU
		{87404748-842E-4B99-8792-3160BE956928}.Debug|iPhoneSimulator.Build.0 = Debug|Any CPU
		{87404748-842E-4B99-8792-3160BE956928}.Debug|iPhoneSimulator.Deploy.0 = Debug|Any CPU
		{87404748-842E-4B99-8792-3160BE956928}.Debug|x64.ActiveCfg = Debug|Any CPU
		{87404748-842E-4B99-8792-3160BE956928}.Debug|x64.Build.0 = Debug|Any CPU
		{87404748-842E-4B99-8792-3160BE956928}.Debug|x64.Deploy.0 = Debug|Any CPU
		{87404748-842E-4B99-8792-3160BE956928}.Debug|x86.ActiveCfg = Debug|Any CPU
		{87404748-842E-4B99-8792-3160BE956928}.Debug|x86.Build.0 = Debug|Any CPU
		{87404748-842E-4B99-8792-3160BE956928}.Debug|x86.Deploy.0 = Debug|Any CPU
		{87404748-842E-4B99-8792-3160BE956928}.Release|Any CPU.ActiveCfg = Release|Any CPU
		{87404748-842E-4B99-8792-3160BE956928}.Release|Any CPU.Build.0 = Release|Any CPU
		{87404748-842E-4B99-8792-3160BE956928}.Release|Any CPU.Deploy.0 = Release|Any CPU
		{87404748-842E-4B99-8792-3160BE956928}.Release|ARM.ActiveCfg = Release|Any CPU
		{87404748-842E-4B99-8792-3160BE956928}.Release|ARM.Build.0 = Release|Any CPU
		{87404748-842E-4B99-8792-3160BE956928}.Release|ARM.Deploy.0 = Release|Any CPU
		{87404748-842E-4B99-8792-3160BE956928}.Release|iPhone.ActiveCfg = Release|Any CPU
		{87404748-842E-4B99-8792-3160BE956928}.Release|iPhone.Build.0 = Release|Any CPU
		{87404748-842E-4B99-8792-3160BE956928}.Release|iPhone.Deploy.0 = Release|Any CPU
		{87404748-842E-4B99-8792-3160BE956928}.Release|iPhoneSimulator.ActiveCfg = Release|Any CPU
		{87404748-842E-4B99-8792-3160BE956928}.Release|iPhoneSimulator.Build.0 = Release|Any CPU
		{87404748-842E-4B99-8792-3160BE956928}.Release|iPhoneSimulator.Deploy.0 = Release|Any CPU
		{87404748-842E-4B99-8792-3160BE956928}.Release|x64.ActiveCfg = Release|Any CPU
		{87404748-842E-4B99-8792-3160BE956928}.Release|x64.Build.0 = Release|Any CPU
		{87404748-842E-4B99-8792-3160BE956928}.Release|x64.Deploy.0 = Release|Any CPU
		{87404748-842E-4B99-8792-3160BE956928}.Release|x86.ActiveCfg = Release|Any CPU
		{87404748-842E-4B99-8792-3160BE956928}.Release|x86.Build.0 = Release|Any CPU
		{87404748-842E-4B99-8792-3160BE956928}.Release|x86.Deploy.0 = Release|Any CPU
		{58C3EC42-D3AC-4FB0-9F4F-73C3A9403402}.Debug|Any CPU.ActiveCfg = Debug|iPhoneSimulator
		{58C3EC42-D3AC-4FB0-9F4F-73C3A9403402}.Debug|Any CPU.Build.0 = Debug|iPhoneSimulator
		{58C3EC42-D3AC-4FB0-9F4F-73C3A9403402}.Debug|Any CPU.Deploy.0 = Debug|iPhoneSimulator
		{58C3EC42-D3AC-4FB0-9F4F-73C3A9403402}.Debug|ARM.ActiveCfg = Debug|iPhone
		{58C3EC42-D3AC-4FB0-9F4F-73C3A9403402}.Debug|ARM.Build.0 = Debug|iPhone
		{58C3EC42-D3AC-4FB0-9F4F-73C3A9403402}.Debug|ARM.Deploy.0 = Debug|iPhone
		{58C3EC42-D3AC-4FB0-9F4F-73C3A9403402}.Debug|iPhone.ActiveCfg = Debug|iPhone
		{58C3EC42-D3AC-4FB0-9F4F-73C3A9403402}.Debug|iPhone.Build.0 = Debug|iPhone
		{58C3EC42-D3AC-4FB0-9F4F-73C3A9403402}.Debug|iPhone.Deploy.0 = Debug|iPhone
		{58C3EC42-D3AC-4FB0-9F4F-73C3A9403402}.Debug|iPhoneSimulator.ActiveCfg = Debug|iPhoneSimulator
		{58C3EC42-D3AC-4FB0-9F4F-73C3A9403402}.Debug|iPhoneSimulator.Build.0 = Debug|iPhoneSimulator
		{58C3EC42-D3AC-4FB0-9F4F-73C3A9403402}.Debug|iPhoneSimulator.Deploy.0 = Debug|iPhoneSimulator
		{58C3EC42-D3AC-4FB0-9F4F-73C3A9403402}.Debug|x64.ActiveCfg = Debug|iPhoneSimulator
		{58C3EC42-D3AC-4FB0-9F4F-73C3A9403402}.Debug|x64.Build.0 = Debug|iPhoneSimulator
		{58C3EC42-D3AC-4FB0-9F4F-73C3A9403402}.Debug|x64.Deploy.0 = Debug|iPhoneSimulator
		{58C3EC42-D3AC-4FB0-9F4F-73C3A9403402}.Debug|x86.ActiveCfg = Debug|iPhoneSimulator
		{58C3EC42-D3AC-4FB0-9F4F-73C3A9403402}.Debug|x86.Build.0 = Debug|iPhoneSimulator
		{58C3EC42-D3AC-4FB0-9F4F-73C3A9403402}.Debug|x86.Deploy.0 = Debug|iPhoneSimulator
		{58C3EC42-D3AC-4FB0-9F4F-73C3A9403402}.Release|Any CPU.ActiveCfg = Release|iPhoneSimulator
		{58C3EC42-D3AC-4FB0-9F4F-73C3A9403402}.Release|Any CPU.Build.0 = Release|iPhoneSimulator
		{58C3EC42-D3AC-4FB0-9F4F-73C3A9403402}.Release|Any CPU.Deploy.0 = Release|iPhoneSimulator
		{58C3EC42-D3AC-4FB0-9F4F-73C3A9403402}.Release|ARM.ActiveCfg = Release|iPhoneSimulator
		{58C3EC42-D3AC-4FB0-9F4F-73C3A9403402}.Release|ARM.Build.0 = Release|iPhoneSimulator
		{58C3EC42-D3AC-4FB0-9F4F-73C3A9403402}.Release|ARM.Deploy.0 = Release|iPhoneSimulator
		{58C3EC42-D3AC-4FB0-9F4F-73C3A9403402}.Release|iPhone.ActiveCfg = Release|iPhone
		{58C3EC42-D3AC-4FB0-9F4F-73C3A9403402}.Release|iPhone.Build.0 = Release|iPhone
		{58C3EC42-D3AC-4FB0-9F4F-73C3A9403402}.Release|iPhone.Deploy.0 = Release|iPhone
		{58C3EC42-D3AC-4FB0-9F4F-73C3A9403402}.Release|iPhoneSimulator.ActiveCfg = Release|iPhoneSimulator
		{58C3EC42-D3AC-4FB0-9F4F-73C3A9403402}.Release|iPhoneSimulator.Build.0 = Release|iPhoneSimulator
		{58C3EC42-D3AC-4FB0-9F4F-73C3A9403402}.Release|iPhoneSimulator.Deploy.0 = Release|iPhoneSimulator
		{58C3EC42-D3AC-4FB0-9F4F-73C3A9403402}.Release|x64.ActiveCfg = Release|iPhoneSimulator
		{58C3EC42-D3AC-4FB0-9F4F-73C3A9403402}.Release|x64.Build.0 = Release|iPhoneSimulator
		{58C3EC42-D3AC-4FB0-9F4F-73C3A9403402}.Release|x64.Deploy.0 = Release|iPhoneSimulator
		{58C3EC42-D3AC-4FB0-9F4F-73C3A9403402}.Release|x86.ActiveCfg = Release|iPhoneSimulator
		{58C3EC42-D3AC-4FB0-9F4F-73C3A9403402}.Release|x86.Build.0 = Release|iPhoneSimulator
		{58C3EC42-D3AC-4FB0-9F4F-73C3A9403402}.Release|x86.Deploy.0 = Release|iPhoneSimulator
		{BD65367D-27F9-4C85-9B49-0119141A3C53}.Debug|Any CPU.ActiveCfg = Debug|Any CPU
		{BD65367D-27F9-4C85-9B49-0119141A3C53}.Debug|Any CPU.Build.0 = Debug|Any CPU
		{BD65367D-27F9-4C85-9B49-0119141A3C53}.Debug|Any CPU.Deploy.0 = Debug|Any CPU
		{BD65367D-27F9-4C85-9B49-0119141A3C53}.Debug|ARM.ActiveCfg = Debug|Any CPU
		{BD65367D-27F9-4C85-9B49-0119141A3C53}.Debug|ARM.Build.0 = Debug|Any CPU
		{BD65367D-27F9-4C85-9B49-0119141A3C53}.Debug|ARM.Deploy.0 = Debug|Any CPU
		{BD65367D-27F9-4C85-9B49-0119141A3C53}.Debug|iPhone.ActiveCfg = Debug|Any CPU
		{BD65367D-27F9-4C85-9B49-0119141A3C53}.Debug|iPhone.Build.0 = Debug|Any CPU
		{BD65367D-27F9-4C85-9B49-0119141A3C53}.Debug|iPhone.Deploy.0 = Debug|Any CPU
		{BD65367D-27F9-4C85-9B49-0119141A3C53}.Debug|iPhoneSimulator.ActiveCfg = Debug|Any CPU
		{BD65367D-27F9-4C85-9B49-0119141A3C53}.Debug|iPhoneSimulator.Build.0 = Debug|Any CPU
		{BD65367D-27F9-4C85-9B49-0119141A3C53}.Debug|iPhoneSimulator.Deploy.0 = Debug|Any CPU
		{BD65367D-27F9-4C85-9B49-0119141A3C53}.Debug|x64.ActiveCfg = Debug|Any CPU
		{BD65367D-27F9-4C85-9B49-0119141A3C53}.Debug|x64.Build.0 = Debug|Any CPU
		{BD65367D-27F9-4C85-9B49-0119141A3C53}.Debug|x64.Deploy.0 = Debug|Any CPU
		{BD65367D-27F9-4C85-9B49-0119141A3C53}.Debug|x86.ActiveCfg = Debug|Any CPU
		{BD65367D-27F9-4C85-9B49-0119141A3C53}.Debug|x86.Build.0 = Debug|Any CPU
		{BD65367D-27F9-4C85-9B49-0119141A3C53}.Debug|x86.Deploy.0 = Debug|Any CPU
		{BD65367D-27F9-4C85-9B49-0119141A3C53}.Release|Any CPU.ActiveCfg = Release|Any CPU
		{BD65367D-27F9-4C85-9B49-0119141A3C53}.Release|Any CPU.Build.0 = Release|Any CPU
		{BD65367D-27F9-4C85-9B49-0119141A3C53}.Release|Any CPU.Deploy.0 = Release|Any CPU
		{BD65367D-27F9-4C85-9B49-0119141A3C53}.Release|ARM.ActiveCfg = Release|Any CPU
		{BD65367D-27F9-4C85-9B49-0119141A3C53}.Release|ARM.Build.0 = Release|Any CPU
		{BD65367D-27F9-4C85-9B49-0119141A3C53}.Release|ARM.Deploy.0 = Release|Any CPU
		{BD65367D-27F9-4C85-9B49-0119141A3C53}.Release|iPhone.ActiveCfg = Release|Any CPU
		{BD65367D-27F9-4C85-9B49-0119141A3C53}.Release|iPhone.Build.0 = Release|Any CPU
		{BD65367D-27F9-4C85-9B49-0119141A3C53}.Release|iPhone.Deploy.0 = Release|Any CPU
		{BD65367D-27F9-4C85-9B49-0119141A3C53}.Release|iPhoneSimulator.ActiveCfg = Release|Any CPU
		{BD65367D-27F9-4C85-9B49-0119141A3C53}.Release|iPhoneSimulator.Build.0 = Release|Any CPU
		{BD65367D-27F9-4C85-9B49-0119141A3C53}.Release|iPhoneSimulator.Deploy.0 = Release|Any CPU
		{BD65367D-27F9-4C85-9B49-0119141A3C53}.Release|x64.ActiveCfg = Release|Any CPU
		{BD65367D-27F9-4C85-9B49-0119141A3C53}.Release|x64.Build.0 = Release|Any CPU
		{BD65367D-27F9-4C85-9B49-0119141A3C53}.Release|x64.Deploy.0 = Release|Any CPU
		{BD65367D-27F9-4C85-9B49-0119141A3C53}.Release|x86.ActiveCfg = Release|Any CPU
		{BD65367D-27F9-4C85-9B49-0119141A3C53}.Release|x86.Build.0 = Release|Any CPU
		{BD65367D-27F9-4C85-9B49-0119141A3C53}.Release|x86.Deploy.0 = Release|Any CPU
	EndGlobalSection
	GlobalSection(SolutionProperties) = preSolution
		HideSolutionNode = FALSE
	EndGlobalSection
	GlobalSection(ExtensibilityGlobals) = postSolution
		SolutionGuid = {82684AE5-21E8-4503-9B1C-3B336BE3CBA0}
	EndGlobalSection
EndGlobal
